
Microsoft Visual Studio Solution File, Format Version 12.00
# Visual Studio Version 16
VisualStudioVersion = 16.0.30717.126
MinimumVisualStudioVersion = 10.0.40219.1
Project("{888888A0-9F3D-457C-B088-3A5042F75D52}") = "Schnorr", "Schnorr\Schnorr.pyproj", "{C3FF313F-937E-4CCF-831B-3E4AF93CD8FB}"
EndProject
Global
	GlobalSection(SolutionConfigurationPlatforms) = preSolution
		Debug|Any CPU = Debug|Any CPU
		Release|Any CPU = Release|Any CPU
	EndGlobalSection
	GlobalSection(ProjectConfigurationPlatforms) = postSolution
		{C3FF313F-937E-4CCF-831B-3E4AF93CD8FB}.Debug|Any CPU.ActiveCfg = Debug|Any CPU
		{C3FF313F-937E-4CCF-831B-3E4AF93CD8FB}.Release|Any CPU.ActiveCfg = Release|Any CPU
	EndGlobalSection
	GlobalSection(SolutionProperties) = preSolution
		HideSolutionNode = FALSE
	EndGlobalSection
	GlobalSection(ExtensibilityGlobals) = postSolution
		SolutionGuid = {AD69BB4A-9A65-40FB-B0FF-304DC9DBE9FB}
	EndGlobalSection
EndGlobal
